{
    "name": "translations",
    "lockfileVersion": 3,
    "requires": true,
    "packages": {
        "": {
            "dependencies": {
                "translate": "^3.0.1"
            }
        },
        "node_modules/translate": {
            "version": "3.0.1",
            "resolved": "https://registry.npmjs.org/translate/-/translate-3.0.1.tgz",
            "integrity": "sha512-ZePIRh2uuN7ofL6V2KfRh71525pwPCC8CtoWJg29tQcr3vhGTFXzz2nYG+rmRxlZ5PCcMza/GDXqxLFx5omVpQ==",
            "license": "MIT",
            "funding": {
                "url": "https://www.paypal.me/franciscopresencia/19"
            }
        }
    },
    "onDemandOnly": "On-Demand Only",
    "onDemandOnlyDescription": "Hide from the main apps list. Update checks run only when you pull to refresh on the On-Demand Only screen or on this app detail page.",
    "onDemandOnlyAppsTitle": "On-Demand Only",
    "onDemandOnlyEmpty": "No on-demand apps. Enable On-Demand Only in Additional Options for an app.",
    "additionalOptionsSectionTracking": "Tracking behavior",
    "additionalOptionsSectionVersion": "Version & detection",
    "additionalOptionsSectionApk": "APK selection",
    "additionalOptionsSectionDisplay": "Names & details",
    "additionalOptionsSectionAdvanced": "Network, background & automation"
}
